
Microsoft Visual Studio Solution File, Format Version 12.00
# Visual Studio Version 17
VisualStudioVersion = 17.9.34723.18
MinimumVisualStudioVersion = 10.0.40219.1
Project("{FAE04EC0-301F-11D3-BF4B-00C04F79EFBC}") = "NpWalk", "NpWalk\NpWalk.csproj", "{2999AA47-E335-48E7-A293-EEF3B42A560A}"
EndProject
Global
	GlobalSection(SolutionConfigurationPlatforms) = preSolution
		Debug|Any CPU = Debug|Any CPU
		Release|Any CPU = Release|Any CPU
	EndGlobalSection
	GlobalSection(ProjectConfigurationPlatforms) = postSolution
		{2999AA47-E335-48E7-A293-EEF3B42A560A}.Debug|Any CPU.ActiveCfg = Debug|Any CPU
		{2999AA47-E335-48E7-A293-EEF3B42A560A}.Debug|Any CPU.Build.0 = Debug|Any CPU
		{2999AA47-E335-48E7-A293-EEF3B42A560A}.Release|Any CPU.ActiveCfg = Release|Any CPU
		{2999AA47-E335-48E7-A293-EEF3B42A560A}.Release|Any CPU.Build.0 = Release|Any CPU
	EndGlobalSection
	GlobalSection(SolutionProperties) = preSolution
		HideSolutionNode = FALSE
	EndGlobalSection
	GlobalSection(ExtensibilityGlobals) = postSolution
		SolutionGuid = {3B048408-BBB6-47C7-B26F-DC144E10D66F}
	EndGlobalSection
EndGlobal
